
Microsoft Visual Studio Solution File, Format Version 12.00
# Visual Studio Version 17
VisualStudioVersion = 17.5.33516.290
MinimumVisualStudioVersion = 10.0.40219.1
Project("{FAE04EC0-301F-11D3-BF4B-00C04F79EFBC}") = "VideoAnalysis", "VideoAnalysis\VideoAnalysis.csproj", "{6FDF504C-3F69-4F7F-99FE-8C41E9662458}"
EndProject
Global
	GlobalSection(SolutionConfigurationPlatforms) = preSolution
		Debug|Any CPU = Debug|Any CPU
		Release|Any CPU = Release|Any CPU
	EndGlobalSection
	GlobalSection(ProjectConfigurationPlatforms) = postSolution
		{6FDF504C-3F69-4F7F-99FE-8C41E9662458}.Debug|Any CPU.ActiveCfg = Debug|Any CPU
		{6FDF504C-3F69-4F7F-99FE-8C41E9662458}.Debug|Any CPU.Build.0 = Debug|Any CPU
		{6FDF504C-3F69-4F7F-99FE-8C41E9662458}.Release|Any CPU.ActiveCfg = Release|Any CPU
		{6FDF504C-3F69-4F7F-99FE-8C41E9662458}.Release|Any CPU.Build.0 = Release|Any CPU
	EndGlobalSection
	GlobalSection(SolutionProperties) = preSolution
		HideSolutionNode = FALSE
	EndGlobalSection
	GlobalSection(ExtensibilityGlobals) = postSolution
		SolutionGuid = {975FAC5F-E14F-4B5B-ACA8-B8BE4F6C03B9}
	EndGlobalSection
EndGlobal
